// !$*UTF8*$!
{
	archiveVersion = 1;
	classes = {
	};
	objectVersion = 56;
	objects = {

/* Begin PBXBuildFile section */
		542E4AF02A124DD10054C518 /* SnapKit in Frameworks */ = {isa = PBXBuildFile; productRef = 542E4AEF2A124DD10054C518 /* SnapKit */; };
		542E4AF22A1399220054C518 /* UIColorExtention.swift in Sources */ = {isa = PBXBuildFile; fileRef = 542E4AF12A1399220054C518 /* UIColorExtention.swift */; };
		5470443C2A0DF42800C262F5 /* AppDelegate.swift in Sources */ = {isa = PBXBuildFile; fileRef = 5470443B2A0DF42800C262F5 /* AppDelegate.swift */; };
		5470443E2A0DF42800C262F5 /* SceneDelegate.swift in Sources */ = {isa = PBXBuildFile; fileRef = 5470443D2A0DF42800C262F5 /* SceneDelegate.swift */; };
		547044402A0DF42800C262F5 /* ViewController.swift in Sources */ = {isa = PBXBuildFile; fileRef = 5470443F2A0DF42800C262F5 /* ViewController.swift */; };
		547044452A0DF42A00C262F5 /* Assets.xcassets in Resources */ = {isa = PBXBuildFile; fileRef = 547044442A0DF42A00C262F5 /* Assets.xcassets */; };
		547044482A0DF42A00C262F5 /* LaunchScreen.storyboard in Resources */ = {isa = PBXBuildFile; fileRef = 547044462A0DF42A00C262F5 /* LaunchScreen.storyboard */; };
		547044502A0DF56900C262F5 /* NavigationController.swift in Sources */ = {isa = PBXBuildFile; fileRef = 5470444F2A0DF56900C262F5 /* NavigationController.swift */; };
		547044522A0E267100C262F5 /* CountryData.swift in Sources */ = {isa = PBXBuildFile; fileRef = 547044512A0E267100C262F5 /* CountryData.swift */; };
		547044542A0E275C00C262F5 /* APIManager.swift in Sources */ = {isa = PBXBuildFile; fileRef = 547044532A0E275C00C262F5 /* APIManager.swift */; };
		54B51F892A112C3E00D3A78E /* CustomExpandedTableViewCell.swift in Sources */ = {isa = PBXBuildFile; fileRef = 54B51F882A112C3E00D3A78E /* CustomExpandedTableViewCell.swift */; };
		54B51F8B2A121A5B00D3A78E /* CountryDetailsViewController.swift in Sources */ = {isa = PBXBuildFile; fileRef = 54B51F8A2A121A5B00D3A78E /* CountryDetailsViewController.swift */; };
		54ED6C8E2A0E3CCC005E8D6A /* DataManager.swift in Sources */ = {isa = PBXBuildFile; fileRef = 54ED6C8D2A0E3CCC005E8D6A /* DataManager.swift */; };
		54ED6C942A10E374005E8D6A /* CustomTableViewCell.swift in Sources */ = {isa = PBXBuildFile; fileRef = 54ED6C932A10E374005E8D6A /* CustomTableViewCell.swift */; };
/* End PBXBuildFile section */

/* Begin PBXFileReference section */
		542E4AF12A1399220054C518 /* UIColorExtention.swift */ = {isa = PBXFileReference; lastKnownFileType = sourcecode.swift; path = UIColorExtention.swift; sourceTree = "<group>"; };
		547044382A0DF42800C262F5 /* Geographic atlas.app */ = {isa = PBXFileReference; explicitFileType = wrapper.application; includeInIndex = 0; path = "Geographic atlas.app"; sourceTree = BUILT_PRODUCTS_DIR; };
		5470443B2A0DF42800C262F5 /* AppDelegate.swift */ = {isa = PBXFileReference; lastKnownFileType = sourcecode.swift; path = AppDelegate.swift; sourceTree = "<group>"; };
		5470443D2A0DF42800C262F5 /* SceneDelegate.swift */ = {isa = PBXFileReference; lastKnownFileType = sourcecode.swift; path = SceneDelegate.swift; sourceTree = "<group>"; };
		5470443F2A0DF42800C262F5 /* ViewController.swift */ = {isa = PBXFileReference; lastKnownFileType = sourcecode.swift; path = ViewController.swift; sourceTree = "<group>"; };
		547044442A0DF42A00C262F5 /* Assets.xcassets */ = {isa = PBXFileReference; lastKnownFileType = folder.assetcatalog; path = Assets.xcassets; sourceTree = "<group>"; };
		547044472A0DF42A00C262F5 /* Base */ = {isa = PBXFileReference; lastKnownFileType = file.storyboard; name = Base; path = Base.lproj/LaunchScreen.storyboard; sourceTree = "<group>"; };
		547044492A0DF42A00C262F5 /* Info.plist */ = {isa = PBXFileReference; lastKnownFileType = text.plist.xml; path = Info.plist; sourceTree = "<group>"; };
		5470444F2A0DF56900C262F5 /* NavigationController.swift */ = {isa = PBXFileReference; lastKnownFileType = sourcecode.swift; path = NavigationController.swift; sourceTree = "<group>"; };
		547044512A0E267100C262F5 /* CountryData.swift */ = {isa = PBXFileReference; lastKnownFileType = sourcecode.swift; path = CountryData.swift; sourceTree = "<group>"; };
		547044532A0E275C00C262F5 /* APIManager.swift */ = {isa = PBXFileReference; lastKnownFileType = sourcecode.swift; path = APIManager.swift; sourceTree = "<group>"; };
		54B51F882A112C3E00D3A78E /* CustomExpandedTableViewCell.swift */ = {isa = PBXFileReference; lastKnownFileType = sourcecode.swift; path = CustomExpandedTableViewCell.swift; sourceTree = "<group>"; };
		54B51F8A2A121A5B00D3A78E /* CountryDetailsViewController.swift */ = {isa = PBXFileReference; lastKnownFileType = sourcecode.swift; path = CountryDetailsViewController.swift; sourceTree = "<group>"; };
		54ED6C8D2A0E3CCC005E8D6A /* DataManager.swift */ = {isa = PBXFileReference; lastKnownFileType = sourcecode.swift; path = DataManager.swift; sourceTree = "<group>"; };
		54ED6C932A10E374005E8D6A /* CustomTableViewCell.swift */ = {isa = PBXFileReference; lastKnownFileType = sourcecode.swift; path = CustomTableViewCell.swift; sourceTree = "<group>"; };
/* End PBXFileReference section */

/* Begin PBXFrameworksBuildPhase section */
		547044352A0DF42800C262F5 /* Frameworks */ = {
			isa = PBXFrameworksBuildPhase;
			buildActionMask = 2147483647;
			files = (
				542E4AF02A124DD10054C518 /* SnapKit in Frameworks */,
			);
			runOnlyForDeploymentPostprocessing = 0;
		};
/* End PBXFrameworksBuildPhase section */

/* Begin PBXGroup section */
		5470442F2A0DF42700C262F5 = {
			isa = PBXGroup;
			children = (
				5470443A2A0DF42800C262F5 /* Geographic atlas */,
				547044392A0DF42800C262F5 /* Products */,
			);
			sourceTree = "<group>";
		};
		547044392A0DF42800C262F5 /* Products */ = {
			isa = PBXGroup;
			children = (
				547044382A0DF42800C262F5 /* Geographic atlas.app */,
			);
			name = Products;
			sourceTree = "<group>";
		};
		5470443A2A0DF42800C262F5 /* Geographic atlas */ = {
			isa = PBXGroup;
			children = (
				54B51F8D2A121ABF00D3A78E /* first screen */,
				54B51F8C2A121A8F00D3A78E /* second screen */,
				5470443B2A0DF42800C262F5 /* AppDelegate.swift */,
				5470443D2A0DF42800C262F5 /* SceneDelegate.swift */,
				5470444F2A0DF56900C262F5 /* NavigationController.swift */,
				547044442A0DF42A00C262F5 /* Assets.xcassets */,
				547044462A0DF42A00C262F5 /* LaunchScreen.storyboard */,
				547044492A0DF42A00C262F5 /* Info.plist */,
				547044512A0E267100C262F5 /* CountryData.swift */,
				547044532A0E275C00C262F5 /* APIManager.swift */,
				54ED6C8D2A0E3CCC005E8D6A /* DataManager.swift */,
				542E4AF12A1399220054C518 /* UIColorExtention.swift */,
			);
			path = "Geographic atlas";
			sourceTree = "<group>";
		};
		54B51F8C2A121A8F00D3A78E /* second screen */ = {
			isa = PBXGroup;
			children = (
				54B51F8A2A121A5B00D3A78E /* CountryDetailsViewController.swift */,
			);
			path = "second screen";
			sourceTree = "<group>";
		};
		54B51F8D2A121ABF00D3A78E /* first screen */ = {
			isa = PBXGroup;
			children = (
				54ED6C932A10E374005E8D6A /* CustomTableViewCell.swift */,
				54B51F882A112C3E00D3A78E /* CustomExpandedTableViewCell.swift */,
				5470443F2A0DF42800C262F5 /* ViewController.swift */,
			);
			path = "first screen";
			sourceTree = "<group>";
		};
/* End PBXGroup section */

/* Begin PBXNativeTarget section */
		547044372A0DF42800C262F5 /* Geographic atlas */ = {
			isa = PBXNativeTarget;
			buildConfigurationList = 5470444C2A0DF42A00C262F5 /* Build configuration list for PBXNativeTarget "Geographic atlas" */;
			buildPhases = (
				547044342A0DF42800C262F5 /* Sources */,
				547044352A0DF42800C262F5 /* Frameworks */,
				547044362A0DF42800C262F5 /* Resources */,
			);
			buildRules = (
			);
			dependencies = (
			);
			name = "Geographic atlas";
			packageProductDependencies = (
				542E4AEF2A124DD10054C518 /* SnapKit */,
			);
			productName = "Geographic atlas";
			productReference = 547044382A0DF42800C262F5 /* Geographic atlas.app */;
			productType = "com.apple.product-type.application";
		};
/* End PBXNativeTarget section */

/* Begin PBXProject section */
		547044302A0DF42700C262F5 /* Project object */ = {
			isa = PBXProject;
			attributes = {
				BuildIndependentTargetsInParallel = 1;
				LastSwiftUpdateCheck = 1430;
				LastUpgradeCheck = 1430;
				TargetAttributes = {
					547044372A0DF42800C262F5 = {
						CreatedOnToolsVersion = 14.3;
					};
				};
			};
			buildConfigurationList = 547044332A0DF42700C262F5 /* Build configuration list for PBXProject "Geographic atlas" */;
			compatibilityVersion = "Xcode 14.0";
			developmentRegion = en;
			hasScannedForEncodings = 0;
			knownRegions = (
				en,
				Base,
			);
			mainGroup = 5470442F2A0DF42700C262F5;
			packageReferences = (
				542E4AEE2A124DD10054C518 /* XCRemoteSwiftPackageReference "SnapKit" */,
			);
			productRefGroup = 547044392A0DF42800C262F5 /* Products */;
			projectDirPath = "";
			projectRoot = "";
			targets = (
				547044372A0DF42800C262F5 /* Geographic atlas */,
			);
		};
/* End PBXProject section */

/* Begin PBXResourcesBuildPhase section */
		547044362A0DF42800C262F5 /* Resources */ = {
			isa = PBXResourcesBuildPhase;
			buildActionMask = 2147483647;
			files = (
				547044482A0DF42A00C262F5 /* LaunchScreen.storyboard in Resources */,
				547044452A0DF42A00C262F5 /* Assets.xcassets in Resources */,
			);
			runOnlyForDeploymentPostprocessing = 0;
		};
/* End PBXResourcesBuildPhase section */

/* Begin PBXSourcesBuildPhase section */
		547044342A0DF42800C262F5 /* Sources */ = {
			isa = PBXSourcesBuildPhase;
			buildActionMask = 2147483647;
			files = (
				547044542A0E275C00C262F5 /* APIManager.swift in Sources */,
				547044402A0DF42800C262F5 /* ViewController.swift in Sources */,
				54B51F8B2A121A5B00D3A78E /* CountryDetailsViewController.swift in Sources */,
				54ED6C942A10E374005E8D6A /* CustomTableViewCell.swift in Sources */,
				547044522A0E267100C262F5 /* CountryData.swift in Sources */,
				54ED6C8E2A0E3CCC005E8D6A /* DataManager.swift in Sources */,
				547044502A0DF56900C262F5 /* NavigationController.swift in Sources */,
				5470443C2A0DF42800C262F5 /* AppDelegate.swift in Sources */,
				542E4AF22A1399220054C518 /* UIColorExtention.swift in Sources */,
				54B51F892A112C3E00D3A78E /* CustomExpandedTableViewCell.swift in Sources */,
				5470443E2A0DF42800C262F5 /* SceneDelegate.swift in Sources */,
			);
			runOnlyForDeploymentPostprocessing = 0;
		};
/* End PBXSourcesBuildPhase section */

/* Begin PBXVariantGroup section */
		547044462A0DF42A00C262F5 /* LaunchScreen.storyboard */ = {
			isa = PBXVariantGroup;
			children = (
				547044472A0DF42A00C262F5 /* Base */,
			);
			name = LaunchScreen.storyboard;
			sourceTree = "<group>";
		};
/* End PBXVariantGroup section */

/* Begin XCBuildConfiguration section */
		5470444A2A0DF42A00C262F5 /* Debug */ = {
			isa = XCBuildConfiguration;
			buildSettings = {
				ALWAYS_SEARCH_USER_PATHS = NO;
				CLANG_ANALYZER_NONNULL = YES;
				CLANG_ANALYZER_NUMBER_OBJECT_CONVERSION = YES_AGGRESSIVE;
				CLANG_CXX_LANGUAGE_STANDARD = "gnu++20";
				CLANG_ENABLE_MODULES = YES;
				CLANG_ENABLE_OBJC_ARC = YES;
				CLANG_ENABLE_OBJC_WEAK = YES;
				CLANG_WARN_BLOCK_CAPTURE_AUTORELEASING = YES;
				CLANG_WARN_BOOL_CONVERSION = YES;
				CLANG_WARN_COMMA = YES;
				CLANG_WARN_CONSTANT_CONVERSION = YES;
				CLANG_WARN_DEPRECATED_OBJC_IMPLEMENTATIONS = YES;
				CLANG_WARN_DIRECT_OBJC_ISA_USAGE = YES_ERROR;
				CLANG_WARN_DOCUMENTATION_COMMENTS = YES;
				CLANG_WARN_EMPTY_BODY = YES;
				CLANG_WARN_ENUM_CONVERSION = YES;
				CLANG_WARN_INFINITE_RECURSION = YES;
				CLANG_WARN_INT_CONVERSION = YES;
				CLANG_WARN_NON_LITERAL_NULL_CONVERSION = YES;
				CLANG_WARN_OBJC_IMPLICIT_RETAIN_SELF = YES;
				CLANG_WARN_OBJC_LITERAL_CONVERSION = YES;
				CLANG_WARN_OBJC_ROOT_CLASS = YES_ERROR;
				CLANG_WARN_QUOTED_INCLUDE_IN_FRAMEWORK_HEADER = YES;
				CLANG_WARN_RANGE_LOOP_ANALYSIS = YES;
				CLANG_WARN_STRICT_PROTOTYPES = YES;
				CLANG_WARN_SUSPICIOUS_MOVE = YES;
				CLANG_WARN_UNGUARDED_AVAILABILITY = YES_AGGRESSIVE;
				CLANG_WARN_UNREACHABLE_CODE = YES;
				CLANG_WARN__DUPLICATE_METHOD_MATCH = YES;
				COPY_PHASE_STRIP = NO;
				DEBUG_INFORMATION_FORMAT = dwarf;
				ENABLE_STRICT_OBJC_MSGSEND = YES;
				ENABLE_TESTABILITY = YES;
				GCC_C_LANGUAGE_STANDARD = gnu11;
				GCC_DYNAMIC_NO_PIC = NO;
				GCC_NO_COMMON_BLOCKS = YES;
				GCC_OPTIMIZATION_LEVEL = 0;
				GCC_PREPROCESSOR_DEFINITIONS = (
					"DEBUG=1",
					"$(inherited)",
				);
				GCC_WARN_64_TO_32_BIT_CONVERSION = YES;
				GCC_WARN_ABOUT_RETURN_TYPE = YES_ERROR;
				GCC_WARN_UNDECLARED_SELECTOR = YES;
				GCC_WARN_UNINITIALIZED_AUTOS = YES_AGGRESSIVE;
				GCC_WARN_UNUSED_FUNCTION = YES;
				GCC_WARN_UNUSED_VARIABLE = YES;
				IPHONEOS_DEPLOYMENT_TARGET = 14.0;
				MTL_ENABLE_DEBUG_INFO = INCLUDE_SOURCE;
				MTL_FAST_MATH = YES;
				ONLY_ACTIVE_ARCH = YES;
				SDKROOT = iphoneos;
				SWIFT_ACTIVE_COMPILATION_CONDITIONS = DEBUG;
				SWIFT_OPTIMIZATION_LEVEL = "-Onone";
			};
			name = Debug;
		};
		5470444B2A0DF42A00C262F5 /* Release */ = {
			isa = XCBuildConfiguration;
			buildSettings = {
				ALWAYS_SEARCH_USER_PATHS = NO;
				CLANG_ANALYZER_NONNULL = YES;
				CLANG_ANALYZER_NUMBER_OBJECT_CONVERSION = YES_AGGRESSIVE;
				CLANG_CXX_LANGUAGE_STANDARD = "gnu++20";
				CLANG_ENABLE_MODULES = YES;
				CLANG_ENABLE_OBJC_ARC = YES;
				CLANG_ENABLE_OBJC_WEAK = YES;
				CLANG_WARN_BLOCK_CAPTURE_AUTORELEASING = YES;
				CLANG_WARN_BOOL_CONVERSION = YES;
				CLANG_WARN_COMMA = YES;
				CLANG_WARN_CONSTANT_CONVERSION = YES;
				CLANG_WARN_DEPRECATED_OBJC_IMPLEMENTATIONS = YES;
				CLANG_WARN_DIRECT_OBJC_ISA_USAGE = YES_ERROR;
				CLANG_WARN_DOCUMENTATION_COMMENTS = YES;
				CLANG_WARN_EMPTY_BODY = YES;
				CLANG_WARN_ENUM_CONVERSION = YES;
				CLANG_WARN_INFINITE_RECURSION = YES;
				CLANG_WARN_INT_CONVERSION = YES;
				CLANG_WARN_NON_LITERAL_NULL_CONVERSION = YES;
				CLANG_WARN_OBJC_IMPLICIT_RETAIN_SELF = YES;
				CLANG_WARN_OBJC_LITERAL_CONVERSION = YES;
				CLANG_WARN_OBJC_ROOT_CLASS = YES_ERROR;
				CLANG_WARN_QUOTED_INCLUDE_IN_FRAMEWORK_HEADER = YES;
				CLANG_WARN_RANGE_LOOP_ANALYSIS = YES;
				CLANG_WARN_STRICT_PROTOTYPES = YES;
				CLANG_WARN_SUSPICIOUS_MOVE = YES;
				CLANG_WARN_UNGUARDED_AVAILABILITY = YES_AGGRESSIVE;
				CLANG_WARN_UNREACHABLE_CODE = YES;
				CLANG_WARN__DUPLICATE_METHOD_MATCH = YES;
				COPY_PHASE_STRIP = NO;
				DEBUG_INFORMATION_FORMAT = "dwarf-with-dsym";
				ENABLE_NS_ASSERTIONS = NO;
				ENABLE_STRICT_OBJC_MSGSEND = YES;
				GCC_C_LANGUAGE_STANDARD = gnu11;
				GCC_NO_COMMON_BLOCKS = YES;
				GCC_WARN_64_TO_32_BIT_CONVERSION = YES;
				GCC_WARN_ABOUT_RETURN_TYPE = YES_ERROR;
				GCC_WARN_UNDECLARED_SELECTOR = YES;
				GCC_WARN_UNINITIALIZED_AUTOS = YES_AGGRESSIVE;
				GCC_WARN_UNUSED_FUNCTION = YES;
				GCC_WARN_UNUSED_VARIABLE = YES;
				IPHONEOS_DEPLOYMENT_TARGET = 14.0;
				MTL_ENABLE_DEBUG_INFO = NO;
				MTL_FAST_MATH = YES;
				SDKROOT = iphoneos;
				SWIFT_COMPILATION_MODE = wholemodule;
				SWIFT_OPTIMIZATION_LEVEL = "-O";
				VALIDATE_PRODUCT = YES;
			};
			name = Release;
		};
		5470444D2A0DF42A00C262F5 /* Debug */ = {
			isa = XCBuildConfiguration;
			buildSettings = {
				ASSETCATALOG_COMPILER_APPICON_NAME = AppIcon;
				ASSETCATALOG_COMPILER_GLOBAL_ACCENT_COLOR_NAME = AccentColor;
				CODE_SIGN_STYLE = Automatic;
				CURRENT_PROJECT_VERSION = 1;
				DEVELOPMENT_TEAM = JX83P862UK;
				GENERATE_INFOPLIST_FILE = YES;
				INFOPLIST_FILE = "Geographic atlas/Info.plist";
				INFOPLIST_KEY_UIApplicationSupportsIndirectInputEvents = YES;
				INFOPLIST_KEY_UILaunchStoryboardName = LaunchScreen;
				INFOPLIST_KEY_UISupportedInterfaceOrientations_iPad = "UIInterfaceOrientationPortrait UIInterfaceOrientationPortraitUpsideDown UIInterfaceOrientationLandscapeLeft UIInterfaceOrientationLandscapeRight";
				INFOPLIST_KEY_UISupportedInterfaceOrientations_iPhone = "UIInterfaceOrientationPortrait UIInterfaceOrientationLandscapeLeft UIInterfaceOrientationLandscapeRight";
				LD_RUNPATH_SEARCH_PATHS = (
					"$(inherited)",
					"@executable_path/Frameworks",
				);
				MARKETING_VERSION = 1.0;
				PRODUCT_BUNDLE_IDENTIFIER = "Anastasia-Zdobnova.Geographic-atlas";
				PRODUCT_NAME = "$(TARGET_NAME)";
				SUPPORTED_PLATFORMS = "iphoneos iphonesimulator";
				SUPPORTS_MACCATALYST = NO;
				SUPPORTS_MAC_DESIGNED_FOR_IPHONE_IPAD = NO;
				SWIFT_EMIT_LOC_STRINGS = YES;
				SWIFT_VERSION = 5.0;
				TARGETED_DEVICE_FAMILY = "1,2";
			};
			name = Debug;
		};
		5470444E2A0DF42A00C262F5 /* Release */ = {
			isa = XCBuildConfiguration;
			buildSettings = {
				ASSETCATALOG_COMPILER_APPICON_NAME = AppIcon;
				ASSETCATALOG_COMPILER_GLOBAL_ACCENT_COLOR_NAME = AccentColor;
				CODE_SIGN_STYLE = Automatic;
				CURRENT_PROJECT_VERSION = 1;
				DEVELOPMENT_TEAM = JX83P862UK;
				GENERATE_INFOPLIST_FILE = YES;
				INFOPLIST_FILE = "Geographic atlas/Info.plist";
				INFOPLIST_KEY_UIApplicationSupportsIndirectInputEvents = YES;
				INFOPLIST_KEY_UILaunchStoryboardName = LaunchScreen;
				INFOPLIST_KEY_UISupportedInterfaceOrientations_iPad = "UIInterfaceOrientationPortrait UIInterfaceOrientationPortraitUpsideDown UIInterfaceOrientationLandscapeLeft UIInterfaceOrientationLandscapeRight";
				INFOPLIST_KEY_UISupportedInterfaceOrientations_iPhone = "UIInterfaceOrientationPortrait UIInterfaceOrientationLandscapeLeft UIInterfaceOrientationLandscapeRight";
				LD_RUNPATH_SEARCH_PATHS = (
					"$(inherited)",
					"@executable_path/Frameworks",
				);
				MARKETING_VERSION = 1.0;
				PRODUCT_BUNDLE_IDENTIFIER = "Anastasia-Zdobnova.Geographic-atlas";
				PRODUCT_NAME = "$(TARGET_NAME)";
				SUPPORTED_PLATFORMS = "iphoneos iphonesimulator";
				SUPPORTS_MACCATALYST = NO;
				SUPPORTS_MAC_DESIGNED_FOR_IPHONE_IPAD = NO;
				SWIFT_EMIT_LOC_STRINGS = YES;
				SWIFT_VERSION = 5.0;
				TARGETED_DEVICE_FAMILY = "1,2";
			};
			name = Release;
		};
/* End XCBuildConfiguration section */

/* Begin XCConfigurationList section */
		547044332A0DF42700C262F5 /* Build configuration list for PBXProject "Geographic atlas" */ = {
			isa = XCConfigurationList;
			buildConfigurations = (
				5470444A2A0DF42A00C262F5 /* Debug */,
				5470444B2A0DF42A00C262F5 /* Release */,
			);
			defaultConfigurationIsVisible = 0;
			defaultConfigurationName = Release;
		};
		5470444C2A0DF42A00C262F5 /* Build configuration list for PBXNativeTarget "Geographic atlas" */ = {
			isa = XCConfigurationList;
			buildConfigurations = (
				5470444D2A0DF42A00C262F5 /* Debug */,
				5470444E2A0DF42A00C262F5 /* Release */,
			);
			defaultConfigurationIsVisible = 0;
			defaultConfigurationName = Release;
		};
/* End XCConfigurationList section */

/* Begin XCRemoteSwiftPackageReference section */
		542E4AEE2A124DD10054C518 /* XCRemoteSwiftPackageReference "SnapKit" */ = {
			isa = XCRemoteSwiftPackageReference;
			repositoryURL = "https://github.com/SnapKit/SnapKit.git";
			requirement = {
				kind = upToNextMajorVersion;
				minimumVersion = 5.0.0;
			};
		};
/* End XCRemoteSwiftPackageReference section */

/* Begin XCSwiftPackageProductDependency section */
		542E4AEF2A124DD10054C518 /* SnapKit */ = {
			isa = XCSwiftPackageProductDependency;
			package = 542E4AEE2A124DD10054C518 /* XCRemoteSwiftPackageReference "SnapKit" */;
			productName = SnapKit;
		};
/* End XCSwiftPackageProductDependency section */
	};
	rootObject = 547044302A0DF42700C262F5 /* Project object */;
}
